// !$*UTF8*$!
{
	archiveVersion = 1;
	classes = {
	};
	objectVersion = 50;
	objects = {

/* Begin PBXBuildFile section */
		63F4E984215452E300FFDF34 /* SettingsViewController.swift in Sources */ = {isa = PBXBuildFile; fileRef = 63F4E983215452E300FFDF34 /* SettingsViewController.swift */; };
		63F4F01D215015D800AA7D6F /* AppDelegate.swift in Sources */ = {isa = PBXBuildFile; fileRef = 63F4F01C215015D800AA7D6F /* AppDelegate.swift */; };
		63F4F01F215015D800AA7D6F /* ViewController.swift in Sources */ = {isa = PBXBuildFile; fileRef = 63F4F01E215015D800AA7D6F /* ViewController.swift */; };
		63F4F022215015D800AA7D6F /* Main.storyboard in Resources */ = {isa = PBXBuildFile; fileRef = 63F4F020215015D800AA7D6F /* Main.storyboard */; };
		63F4F024215015DA00AA7D6F /* Assets.xcassets in Resources */ = {isa = PBXBuildFile; fileRef = 63F4F023215015DA00AA7D6F /* Assets.xcassets */; };
		63F4F027215015DA00AA7D6F /* LaunchScreen.storyboard in Resources */ = {isa = PBXBuildFile; fileRef = 63F4F025215015DA00AA7D6F /* LaunchScreen.storyboard */; };
		63F4F032215015DB00AA7D6F /* CalculatorTests.swift in Sources */ = {isa = PBXBuildFile; fileRef = 63F4F031215015DB00AA7D6F /* CalculatorTests.swift */; };
		63F4F03D215015DB00AA7D6F /* CalculatorUITests.swift in Sources */ = {isa = PBXBuildFile; fileRef = 63F4F03C215015DB00AA7D6F /* CalculatorUITests.swift */; };
		63F4F04B2150401B00AA7D6F /* DecimalMinusTextField.swift in Sources */ = {isa = PBXBuildFile; fileRef = 63F4F04A2150401B00AA7D6F /* DecimalMinusTextField.swift */; };
		63F4F04D2152B89F00AA7D6F /* Distance.swift in Sources */ = {isa = PBXBuildFile; fileRef = 63F4F04C2152B89F00AA7D6F /* Distance.swift */; };
		63F4F04F2152BBC100AA7D6F /* Volume.swift in Sources */ = {isa = PBXBuildFile; fileRef = 63F4F04E2152BBC100AA7D6F /* Volume.swift */; };
		63F4F0512152BD7700AA7D6F /* Calculations.swift in Sources */ = {isa = PBXBuildFile; fileRef = 63F4F0502152BD7700AA7D6F /* Calculations.swift */; };
/* End PBXBuildFile section */

/* Begin PBXContainerItemProxy section */
		63F4F02E215015DB00AA7D6F /* PBXContainerItemProxy */ = {
			isa = PBXContainerItemProxy;
			containerPortal = 63F4F011215015D800AA7D6F /* Project object */;
			proxyType = 1;
			remoteGlobalIDString = 63F4F018215015D800AA7D6F;
			remoteInfo = Calculator;
		};
		63F4F039215015DB00AA7D6F /* PBXContainerItemProxy */ = {
			isa = PBXContainerItemProxy;
			containerPortal = 63F4F011215015D800AA7D6F /* Project object */;
			proxyType = 1;
			remoteGlobalIDString = 63F4F018215015D800AA7D6F;
			remoteInfo = Calculator;
		};
/* End PBXContainerItemProxy section */

/* Begin PBXFileReference section */
		63F4E983215452E300FFDF34 /* SettingsViewController.swift */ = {isa = PBXFileReference; lastKnownFileType = sourcecode.swift; path = SettingsViewController.swift; sourceTree = "<group>"; };
		63F4F019215015D800AA7D6F /* Calculator.app */ = {isa = PBXFileReference; explicitFileType = wrapper.application; includeInIndex = 0; path = Calculator.app; sourceTree = BUILT_PRODUCTS_DIR; };
		63F4F01C215015D800AA7D6F /* AppDelegate.swift */ = {isa = PBXFileReference; lastKnownFileType = sourcecode.swift; path = AppDelegate.swift; sourceTree = "<group>"; };
		63F4F01E215015D800AA7D6F /* ViewController.swift */ = {isa = PBXFileReference; lastKnownFileType = sourcecode.swift; path = ViewController.swift; sourceTree = "<group>"; };
		63F4F021215015D800AA7D6F /* Base */ = {isa = PBXFileReference; lastKnownFileType = file.storyboard; name = Base; path = Base.lproj/Main.storyboard; sourceTree = "<group>"; };
		63F4F023215015DA00AA7D6F /* Assets.xcassets */ = {isa = PBXFileReference; lastKnownFileType = folder.assetcatalog; path = Assets.xcassets; sourceTree = "<group>"; };
		63F4F026215015DA00AA7D6F /* Base */ = {isa = PBXFileReference; lastKnownFileType = file.storyboard; name = Base; path = Base.lproj/LaunchScreen.storyboard; sourceTree = "<group>"; };
		63F4F028215015DA00AA7D6F /* Info.plist */ = {isa = PBXFileReference; lastKnownFileType = text.plist.xml; path = Info.plist; sourceTree = "<group>"; };
		63F4F02D215015DB00AA7D6F /* CalculatorTests.xctest */ = {isa = PBXFileReference; explicitFileType = wrapper.cfbundle; includeInIndex = 0; path = CalculatorTests.xctest; sourceTree = BUILT_PRODUCTS_DIR; };
		63F4F031215015DB00AA7D6F /* CalculatorTests.swift */ = {isa = PBXFileReference; lastKnownFileType = sourcecode.swift; path = CalculatorTests.swift; sourceTree = "<group>"; };
		63F4F033215015DB00AA7D6F /* Info.plist */ = {isa = PBXFileReference; lastKnownFileType = text.plist.xml; path = Info.plist; sourceTree = "<group>"; };
		63F4F038215015DB00AA7D6F /* CalculatorUITests.xctest */ = {isa = PBXFileReference; explicitFileType = wrapper.cfbundle; includeInIndex = 0; path = CalculatorUITests.xctest; sourceTree = BUILT_PRODUCTS_DIR; };
		63F4F03C215015DB00AA7D6F /* CalculatorUITests.swift */ = {isa = PBXFileReference; lastKnownFileType = sourcecode.swift; path = CalculatorUITests.swift; sourceTree = "<group>"; };
		63F4F03E215015DB00AA7D6F /* Info.plist */ = {isa = PBXFileReference; lastKnownFileType = text.plist.xml; path = Info.plist; sourceTree = "<group>"; };
		63F4F04A2150401B00AA7D6F /* DecimalMinusTextField.swift */ = {isa = PBXFileReference; lastKnownFileType = sourcecode.swift; path = DecimalMinusTextField.swift; sourceTree = "<group>"; };
		63F4F04C2152B89F00AA7D6F /* Distance.swift */ = {isa = PBXFileReference; lastKnownFileType = sourcecode.swift; path = Distance.swift; sourceTree = "<group>"; };
		63F4F04E2152BBC100AA7D6F /* Volume.swift */ = {isa = PBXFileReference; lastKnownFileType = sourcecode.swift; path = Volume.swift; sourceTree = "<group>"; };
		63F4F0502152BD7700AA7D6F /* Calculations.swift */ = {isa = PBXFileReference; lastKnownFileType = sourcecode.swift; path = Calculations.swift; sourceTree = "<group>"; };
/* End PBXFileReference section */

/* Begin PBXFrameworksBuildPhase section */
		63F4F016215015D800AA7D6F /* Frameworks */ = {
			isa = PBXFrameworksBuildPhase;
			buildActionMask = 2147483647;
			files = (
			);
			runOnlyForDeploymentPostprocessing = 0;
		};
		63F4F02A215015DB00AA7D6F /* Frameworks */ = {
			isa = PBXFrameworksBuildPhase;
			buildActionMask = 2147483647;
			files = (
			);
			runOnlyForDeploymentPostprocessing = 0;
		};
		63F4F035215015DB00AA7D6F /* Frameworks */ = {
			isa = PBXFrameworksBuildPhase;
			buildActionMask = 2147483647;
			files = (
			);
			runOnlyForDeploymentPostprocessing = 0;
		};
/* End PBXFrameworksBuildPhase section */

/* Begin PBXGroup section */
		63F4F010215015D800AA7D6F = {
			isa = PBXGroup;
			children = (
				63F4F01B215015D800AA7D6F /* Calculator */,
				63F4F030215015DB00AA7D6F /* CalculatorTests */,
				63F4F03B215015DB00AA7D6F /* CalculatorUITests */,
				63F4F01A215015D800AA7D6F /* Products */,
			);
			sourceTree = "<group>";
		};
		63F4F01A215015D800AA7D6F /* Products */ = {
			isa = PBXGroup;
			children = (
				63F4F019215015D800AA7D6F /* Calculator.app */,
				63F4F02D215015DB00AA7D6F /* CalculatorTests.xctest */,
				63F4F038215015DB00AA7D6F /* CalculatorUITests.xctest */,
			);
			name = Products;
			sourceTree = "<group>";
		};
		63F4F01B215015D800AA7D6F /* Calculator */ = {
			isa = PBXGroup;
			children = (
				63F4F01C215015D800AA7D6F /* AppDelegate.swift */,
				63F4F01E215015D800AA7D6F /* ViewController.swift */,
				63F4F020215015D800AA7D6F /* Main.storyboard */,
				63F4F023215015DA00AA7D6F /* Assets.xcassets */,
				63F4F025215015DA00AA7D6F /* LaunchScreen.storyboard */,
				63F4F028215015DA00AA7D6F /* Info.plist */,
				63F4F04A2150401B00AA7D6F /* DecimalMinusTextField.swift */,
				63F4F04C2152B89F00AA7D6F /* Distance.swift */,
				63F4F04E2152BBC100AA7D6F /* Volume.swift */,
				63F4F0502152BD7700AA7D6F /* Calculations.swift */,
				63F4E983215452E300FFDF34 /* SettingsViewController.swift */,
			);
			path = Calculator;
			sourceTree = "<group>";
		};
		63F4F030215015DB00AA7D6F /* CalculatorTests */ = {
			isa = PBXGroup;
			children = (
				63F4F031215015DB00AA7D6F /* CalculatorTests.swift */,
				63F4F033215015DB00AA7D6F /* Info.plist */,
			);
			path = CalculatorTests;
			sourceTree = "<group>";
		};
		63F4F03B215015DB00AA7D6F /* CalculatorUITests */ = {
			isa = PBXGroup;
			children = (
				63F4F03C215015DB00AA7D6F /* CalculatorUITests.swift */,
				63F4F03E215015DB00AA7D6F /* Info.plist */,
			);
			path = CalculatorUITests;
			sourceTree = "<group>";
		};
/* End PBXGroup section */

/* Begin PBXNativeTarget section */
		63F4F018215015D800AA7D6F /* Calculator */ = {
			isa = PBXNativeTarget;
			buildConfigurationList = 63F4F041215015DB00AA7D6F /* Build configuration list for PBXNativeTarget "Calculator" */;
			buildPhases = (
				63F4F015215015D800AA7D6F /* Sources */,
				63F4F016215015D800AA7D6F /* Frameworks */,
				63F4F017215015D800AA7D6F /* Resources */,
			);
			buildRules = (
			);
			dependencies = (
			);
			name = Calculator;
			productName = Calculator;
			productReference = 63F4F019215015D800AA7D6F /* Calculator.app */;
			productType = "com.apple.product-type.application";
		};
		63F4F02C215015DB00AA7D6F /* CalculatorTests */ = {
			isa = PBXNativeTarget;
			buildConfigurationList = 63F4F044215015DB00AA7D6F /* Build configuration list for PBXNativeTarget "CalculatorTests" */;
			buildPhases = (
				63F4F029215015DB00AA7D6F /* Sources */,
				63F4F02A215015DB00AA7D6F /* Frameworks */,
				63F4F02B215015DB00AA7D6F /* Resources */,
			);
			buildRules = (
			);
			dependencies = (
				63F4F02F215015DB00AA7D6F /* PBXTargetDependency */,
			);
			name = CalculatorTests;
			productName = CalculatorTests;
			productReference = 63F4F02D215015DB00AA7D6F /* CalculatorTests.xctest */;
			productType = "com.apple.product-type.bundle.unit-test";
		};
		63F4F037215015DB00AA7D6F /* CalculatorUITests */ = {
			isa = PBXNativeTarget;
			buildConfigurationList = 63F4F047215015DB00AA7D6F /* Build configuration list for PBXNativeTarget "CalculatorUITests" */;
			buildPhases = (
				63F4F034215015DB00AA7D6F /* Sources */,
				63F4F035215015DB00AA7D6F /* Frameworks */,
				63F4F036215015DB00AA7D6F /* Resources */,
			);
			buildRules = (
			);
			dependencies = (
				63F4F03A215015DB00AA7D6F /* PBXTargetDependency */,
			);
			name = CalculatorUITests;
			productName = CalculatorUITests;
			productReference = 63F4F038215015DB00AA7D6F /* CalculatorUITests.xctest */;
			productType = "com.apple.product-type.bundle.ui-testing";
		};
/* End PBXNativeTarget section */

/* Begin PBXProject section */
		63F4F011215015D800AA7D6F /* Project object */ = {
			isa = PBXProject;
			attributes = {
				LastSwiftUpdateCheck = 0940;
				LastUpgradeCheck = 0940;
				ORGANIZATIONNAME = "Jon DeWent";
				TargetAttributes = {
					63F4F018215015D800AA7D6F = {
						CreatedOnToolsVersion = 9.4.1;
					};
					63F4F02C215015DB00AA7D6F = {
						CreatedOnToolsVersion = 9.4.1;
						TestTargetID = 63F4F018215015D800AA7D6F;
					};
					63F4F037215015DB00AA7D6F = {
						CreatedOnToolsVersion = 9.4.1;
						TestTargetID = 63F4F018215015D800AA7D6F;
					};
				};
			};
			buildConfigurationList = 63F4F014215015D800AA7D6F /* Build configuration list for PBXProject "Calculator" */;
			compatibilityVersion = "Xcode 9.3";
			developmentRegion = en;
			hasScannedForEncodings = 0;
			knownRegions = (
				en,
				Base,
			);
			mainGroup = 63F4F010215015D800AA7D6F;
			productRefGroup = 63F4F01A215015D800AA7D6F /* Products */;
			projectDirPath = "";
			projectRoot = "";
			targets = (
				63F4F018215015D800AA7D6F /* Calculator */,
				63F4F02C215015DB00AA7D6F /* CalculatorTests */,
				63F4F037215015DB00AA7D6F /* CalculatorUITests */,
			);
		};
/* End PBXProject section */

/* Begin PBXResourcesBuildPhase section */
		63F4F017215015D800AA7D6F /* Resources */ = {
			isa = PBXResourcesBuildPhase;
			buildActionMask = 2147483647;
			files = (
				63F4F027215015DA00AA7D6F /* LaunchScreen.storyboard in Resources */,
				63F4F024215015DA00AA7D6F /* Assets.xcassets in Resources */,
				63F4F022215015D800AA7D6F /* Main.storyboard in Resources */,
			);
			runOnlyForDeploymentPostprocessing = 0;
		};
		63F4F02B215015DB00AA7D6F /* Resources */ = {
			isa = PBXResourcesBuildPhase;
			buildActionMask = 2147483647;
			files = (
			);
			runOnlyForDeploymentPostprocessing = 0;
		};
		63F4F036215015DB00AA7D6F /* Resources */ = {
			isa = PBXResourcesBuildPhase;
			buildActionMask = 2147483647;
			files = (
			);
			runOnlyForDeploymentPostprocessing = 0;
		};
/* End PBXResourcesBuildPhase section */

/* Begin PBXSourcesBuildPhase section */
		63F4F015215015D800AA7D6F /* Sources */ = {
			isa = PBXSourcesBuildPhase;
			buildActionMask = 2147483647;
			files = (
				63F4F04F2152BBC100AA7D6F /* Volume.swift in Sources */,
				63F4F0512152BD7700AA7D6F /* Calculations.swift in Sources */,
				63F4E984215452E300FFDF34 /* SettingsViewController.swift in Sources */,
				63F4F04D2152B89F00AA7D6F /* Distance.swift in Sources */,
				63F4F04B2150401B00AA7D6F /* DecimalMinusTextField.swift in Sources */,
				63F4F01F215015D800AA7D6F /* ViewController.swift in Sources */,
				63F4F01D215015D800AA7D6F /* AppDelegate.swift in Sources */,
			);
			runOnlyForDeploymentPostprocessing = 0;
		};
		63F4F029215015DB00AA7D6F /* Sources */ = {
			isa = PBXSourcesBuildPhase;
			buildActionMask = 2147483647;
			files = (
				63F4F032215015DB00AA7D6F /* CalculatorTests.swift in Sources */,
			);
			runOnlyForDeploymentPostprocessing = 0;
		};
		63F4F034215015DB00AA7D6F /* Sources */ = {
			isa = PBXSourcesBuildPhase;
			buildActionMask = 2147483647;
			files = (
				63F4F03D215015DB00AA7D6F /* CalculatorUITests.swift in Sources */,
			);
			runOnlyForDeploymentPostprocessing = 0;
		};
/* End PBXSourcesBuildPhase section */

/* Begin PBXTargetDependency section */
		63F4F02F215015DB00AA7D6F /* PBXTargetDependency */ = {
			isa = PBXTargetDependency;
			target = 63F4F018215015D800AA7D6F /* Calculator */;
			targetProxy = 63F4F02E215015DB00AA7D6F /* PBXContainerItemProxy */;
		};
		63F4F03A215015DB00AA7D6F /* PBXTargetDependency */ = {
			isa = PBXTargetDependency;
			target = 63F4F018215015D800AA7D6F /* Calculator */;
			targetProxy = 63F4F039215015DB00AA7D6F /* PBXContainerItemProxy */;
		};
/* End PBXTargetDependency section */

/* Begin PBXVariantGroup section */
		63F4F020215015D800AA7D6F /* Main.storyboard */ = {
			isa = PBXVariantGroup;
			children = (
				63F4F021215015D800AA7D6F /* Base */,
			);
			name = Main.storyboard;
			sourceTree = "<group>";
		};
		63F4F025215015DA00AA7D6F /* LaunchScreen.storyboard */ = {
			isa = PBXVariantGroup;
			children = (
				63F4F026215015DA00AA7D6F /* Base */,
			);
			name = LaunchScreen.storyboard;
			sourceTree = "<group>";
		};
/* End PBXVariantGroup section */

/* Begin XCBuildConfiguration section */
		63F4F03F215015DB00AA7D6F /* Debug */ = {
			isa = XCBuildConfiguration;
			buildSettings = {
				ALWAYS_SEARCH_USER_PATHS = NO;
				CLANG_ANALYZER_NONNULL = YES;
				CLANG_ANALYZER_NUMBER_OBJECT_CONVERSION = YES_AGGRESSIVE;
				CLANG_CXX_LANGUAGE_STANDARD = "gnu++14";
				CLANG_CXX_LIBRARY = "libc++";
				CLANG_ENABLE_MODULES = YES;
				CLANG_ENABLE_OBJC_ARC = YES;
				CLANG_ENABLE_OBJC_WEAK = YES;
				CLANG_WARN_BLOCK_CAPTURE_AUTORELEASING = YES;
				CLANG_WARN_BOOL_CONVERSION = YES;
				CLANG_WARN_COMMA = YES;
				CLANG_WARN_CONSTANT_CONVERSION = YES;
				CLANG_WARN_DEPRECATED_OBJC_IMPLEMENTATIONS = YES;
				CLANG_WARN_DIRECT_OBJC_ISA_USAGE = YES_ERROR;
				CLANG_WARN_DOCUMENTATION_COMMENTS = YES;
				CLANG_WARN_EMPTY_BODY = YES;
				CLANG_WARN_ENUM_CONVERSION = YES;
				CLANG_WARN_INFINITE_RECURSION = YES;
				CLANG_WARN_INT_CONVERSION = YES;
				CLANG_WARN_NON_LITERAL_NULL_CONVERSION = YES;
				CLANG_WARN_OBJC_IMPLICIT_RETAIN_SELF = YES;
				CLANG_WARN_OBJC_LITERAL_CONVERSION = YES;
				CLANG_WARN_OBJC_ROOT_CLASS = YES_ERROR;
				CLANG_WARN_RANGE_LOOP_ANALYSIS = YES;
				CLANG_WARN_STRICT_PROTOTYPES = YES;
				CLANG_WARN_SUSPICIOUS_MOVE = YES;
				CLANG_WARN_UNGUARDED_AVAILABILITY = YES_AGGRESSIVE;
				CLANG_WARN_UNREACHABLE_CODE = YES;
				CLANG_WARN__DUPLICATE_METHOD_MATCH = YES;
				CODE_SIGN_IDENTITY = "iPhone Developer";
				COPY_PHASE_STRIP = NO;
				DEBUG_INFORMATION_FORMAT = dwarf;
				ENABLE_STRICT_OBJC_MSGSEND = YES;
				ENABLE_TESTABILITY = YES;
				GCC_C_LANGUAGE_STANDARD = gnu11;
				GCC_DYNAMIC_NO_PIC = NO;
				GCC_NO_COMMON_BLOCKS = YES;
				GCC_OPTIMIZATION_LEVEL = 0;
				GCC_PREPROCESSOR_DEFINITIONS = (
					"DEBUG=1",
					"$(inherited)",
				);
				GCC_WARN_64_TO_32_BIT_CONVERSION = YES;
				GCC_WARN_ABOUT_RETURN_TYPE = YES_ERROR;
				GCC_WARN_UNDECLARED_SELECTOR = YES;
				GCC_WARN_UNINITIALIZED_AUTOS = YES_AGGRESSIVE;
				GCC_WARN_UNUSED_FUNCTION = YES;
				GCC_WARN_UNUSED_VARIABLE = YES;
				IPHONEOS_DEPLOYMENT_TARGET = 11.4;
				MTL_ENABLE_DEBUG_INFO = YES;
				ONLY_ACTIVE_ARCH = YES;
				SDKROOT = iphoneos;
				SWIFT_ACTIVE_COMPILATION_CONDITIONS = DEBUG;
				SWIFT_OPTIMIZATION_LEVEL = "-Onone";
			};
			name = Debug;
		};
		63F4F040215015DB00AA7D6F /* Release */ = {
			isa = XCBuildConfiguration;
			buildSettings = {
				ALWAYS_SEARCH_USER_PATHS = NO;
				CLANG_ANALYZER_NONNULL = YES;
				CLANG_ANALYZER_NUMBER_OBJECT_CONVERSION = YES_AGGRESSIVE;
				CLANG_CXX_LANGUAGE_STANDARD = "gnu++14";
				CLANG_CXX_LIBRARY = "libc++";
				CLANG_ENABLE_MODULES = YES;
				CLANG_ENABLE_OBJC_ARC = YES;
				CLANG_ENABLE_OBJC_WEAK = YES;
				CLANG_WARN_BLOCK_CAPTURE_AUTORELEASING = YES;
				CLANG_WARN_BOOL_CONVERSION = YES;
				CLANG_WARN_COMMA = YES;
				CLANG_WARN_CONSTANT_CONVERSION = YES;
				CLANG_WARN_DEPRECATED_OBJC_IMPLEMENTATIONS = YES;
				CLANG_WARN_DIRECT_OBJC_ISA_USAGE = YES_ERROR;
				CLANG_WARN_DOCUMENTATION_COMMENTS = YES;
				CLANG_WARN_EMPTY_BODY = YES;
				CLANG_WARN_ENUM_CONVERSION = YES;
				CLANG_WARN_INFINITE_RECURSION = YES;
				CLANG_WARN_INT_CONVERSION = YES;
				CLANG_WARN_NON_LITERAL_NULL_CONVERSION = YES;
				CLANG_WARN_OBJC_IMPLICIT_RETAIN_SELF = YES;
				CLANG_WARN_OBJC_LITERAL_CONVERSION = YES;
				CLANG_WARN_OBJC_ROOT_CLASS = YES_ERROR;
				CLANG_WARN_RANGE_LOOP_ANALYSIS = YES;
				CLANG_WARN_STRICT_PROTOTYPES = YES;
				CLANG_WARN_SUSPICIOUS_MOVE = YES;
				CLANG_WARN_UNGUARDED_AVAILABILITY = YES_AGGRESSIVE;
				CLANG_WARN_UNREACHABLE_CODE = YES;
				CLANG_WARN__DUPLICATE_METHOD_MATCH = YES;
				CODE_SIGN_IDENTITY = "iPhone Developer";
				COPY_PHASE_STRIP = NO;
				DEBUG_INFORMATION_FORMAT = "dwarf-with-dsym";
				ENABLE_NS_ASSERTIONS = NO;
				ENABLE_STRICT_OBJC_MSGSEND = YES;
				GCC_C_LANGUAGE_STANDARD = gnu11;
				GCC_NO_COMMON_BLOCKS = YES;
				GCC_WARN_64_TO_32_BIT_CONVERSION = YES;
				GCC_WARN_ABOUT_RETURN_TYPE = YES_ERROR;
				GCC_WARN_UNDECLARED_SELECTOR = YES;
				GCC_WARN_UNINITIALIZED_AUTOS = YES_AGGRESSIVE;
				GCC_WARN_UNUSED_FUNCTION = YES;
				GCC_WARN_UNUSED_VARIABLE = YES;
				IPHONEOS_DEPLOYMENT_TARGET = 11.4;
				MTL_ENABLE_DEBUG_INFO = NO;
				SDKROOT = iphoneos;
				SWIFT_COMPILATION_MODE = wholemodule;
				SWIFT_OPTIMIZATION_LEVEL = "-O";
				VALIDATE_PRODUCT = YES;
			};
			name = Release;
		};
		63F4F042215015DB00AA7D6F /* Debug */ = {
			isa = XCBuildConfiguration;
			buildSettings = {
				ASSETCATALOG_COMPILER_APPICON_NAME = AppIcon;
				CODE_SIGN_STYLE = Automatic;
				DEVELOPMENT_TEAM = LW8X5Z8937;
				INFOPLIST_FILE = Calculator/Info.plist;
				LD_RUNPATH_SEARCH_PATHS = (
					"$(inherited)",
					"@executable_path/Frameworks",
				);
				PRODUCT_BUNDLE_IDENTIFIER = myOwn.Calculator;
				PRODUCT_NAME = "$(TARGET_NAME)";
				SWIFT_VERSION = 4.0;
				TARGETED_DEVICE_FAMILY = "1,2";
			};
			name = Debug;
		};
		63F4F043215015DB00AA7D6F /* Release */ = {
			isa = XCBuildConfiguration;
			buildSettings = {
				ASSETCATALOG_COMPILER_APPICON_NAME = AppIcon;
				CODE_SIGN_STYLE = Automatic;
				DEVELOPMENT_TEAM = LW8X5Z8937;
				INFOPLIST_FILE = Calculator/Info.plist;
				LD_RUNPATH_SEARCH_PATHS = (
					"$(inherited)",
					"@executable_path/Frameworks",
				);
				PRODUCT_BUNDLE_IDENTIFIER = myOwn.Calculator;
				PRODUCT_NAME = "$(TARGET_NAME)";
				SWIFT_VERSION = 4.0;
				TARGETED_DEVICE_FAMILY = "1,2";
			};
			name = Release;
		};
		63F4F045215015DB00AA7D6F /* Debug */ = {
			isa = XCBuildConfiguration;
			buildSettings = {
				ALWAYS_EMBED_SWIFT_STANDARD_LIBRARIES = YES;
				BUNDLE_LOADER = "$(TEST_HOST)";
				CODE_SIGN_STYLE = Automatic;
				INFOPLIST_FILE = CalculatorTests/Info.plist;
				LD_RUNPATH_SEARCH_PATHS = (
					"$(inherited)",
					"@executable_path/Frameworks",
					"@loader_path/Frameworks",
				);
				PRODUCT_BUNDLE_IDENTIFIER = myOwn.CalculatorTests;
				PRODUCT_NAME = "$(TARGET_NAME)";
				SWIFT_VERSION = 4.0;
				TARGETED_DEVICE_FAMILY = "1,2";
				TEST_HOST = "$(BUILT_PRODUCTS_DIR)/Calculator.app/Calculator";
			};
			name = Debug;
		};
		63F4F046215015DB00AA7D6F /* Release */ = {
			isa = XCBuildConfiguration;
			buildSettings = {
				ALWAYS_EMBED_SWIFT_STANDARD_LIBRARIES = YES;
				BUNDLE_LOADER = "$(TEST_HOST)";
				CODE_SIGN_STYLE = Automatic;
				INFOPLIST_FILE = CalculatorTests/Info.plist;
				LD_RUNPATH_SEARCH_PATHS = (
					"$(inherited)",
					"@executable_path/Frameworks",
					"@loader_path/Frameworks",
				);
				PRODUCT_BUNDLE_IDENTIFIER = myOwn.CalculatorTests;
				PRODUCT_NAME = "$(TARGET_NAME)";
				SWIFT_VERSION = 4.0;
				TARGETED_DEVICE_FAMILY = "1,2";
				TEST_HOST = "$(BUILT_PRODUCTS_DIR)/Calculator.app/Calculator";
			};
			name = Release;
		};
		63F4F048215015DB00AA7D6F /* Debug */ = {
			isa = XCBuildConfiguration;
			buildSettings = {
				ALWAYS_EMBED_SWIFT_STANDARD_LIBRARIES = YES;
				CODE_SIGN_STYLE = Automatic;
				INFOPLIST_FILE = CalculatorUITests/Info.plist;
				LD_RUNPATH_SEARCH_PATHS = (
					"$(inherited)",
					"@executable_path/Frameworks",
					"@loader_path/Frameworks",
				);
				PRODUCT_BUNDLE_IDENTIFIER = myOwn.CalculatorUITests;
				PRODUCT_NAME = "$(TARGET_NAME)";
				SWIFT_VERSION = 4.0;
				TARGETED_DEVICE_FAMILY = "1,2";
				TEST_TARGET_NAME = Calculator;
			};
			name = Debug;
		};
		63F4F049215015DB00AA7D6F /* Release */ = {
			isa = XCBuildConfiguration;
			buildSettings = {
				ALWAYS_EMBED_SWIFT_STANDARD_LIBRARIES = YES;
				CODE_SIGN_STYLE = Automatic;
				INFOPLIST_FILE = CalculatorUITests/Info.plist;
				LD_RUNPATH_SEARCH_PATHS = (
					"$(inherited)",
					"@executable_path/Frameworks",
					"@loader_path/Frameworks",
				);
				PRODUCT_BUNDLE_IDENTIFIER = myOwn.CalculatorUITests;
				PRODUCT_NAME = "$(TARGET_NAME)";
				SWIFT_VERSION = 4.0;
				TARGETED_DEVICE_FAMILY = "1,2";
				TEST_TARGET_NAME = Calculator;
			};
			name = Release;
		};
/* End XCBuildConfiguration section */

/* Begin XCConfigurationList section */
		63F4F014215015D800AA7D6F /* Build configuration list for PBXProject "Calculator" */ = {
			isa = XCConfigurationList;
			buildConfigurations = (
				63F4F03F215015DB00AA7D6F /* Debug */,
				63F4F040215015DB00AA7D6F /* Release */,
			);
			defaultConfigurationIsVisible = 0;
			defaultConfigurationName = Release;
		};
		63F4F041215015DB00AA7D6F /* Build configuration list for PBXNativeTarget "Calculator" */ = {
			isa = XCConfigurationList;
			buildConfigurations = (
				63F4F042215015DB00AA7D6F /* Debug */,
				63F4F043215015DB00AA7D6F /* Release */,
			);
			defaultConfigurationIsVisible = 0;
			defaultConfigurationName = Release;
		};
		63F4F044215015DB00AA7D6F /* Build configuration list for PBXNativeTarget "CalculatorTests" */ = {
			isa = XCConfigurationList;
			buildConfigurations = (
				63F4F045215015DB00AA7D6F /* Debug */,
				63F4F046215015DB00AA7D6F /* Release */,
			);
			defaultConfigurationIsVisible = 0;
			defaultConfigurationName = Release;
		};
		63F4F047215015DB00AA7D6F /* Build configuration list for PBXNativeTarget "CalculatorUITests" */ = {
			isa = XCConfigurationList;
			buildConfigurations = (
				63F4F048215015DB00AA7D6F /* Debug */,
				63F4F049215015DB00AA7D6F /* Release */,
			);
			defaultConfigurationIsVisible = 0;
			defaultConfigurationName = Release;
		};
/* End XCConfigurationList section */
	};
	rootObject = 63F4F011215015D800AA7D6F /* Project object */;
}
